
Microsoft Visual Studio Solution File, Format Version 12.00
# Visual Studio 15
VisualStudioVersion = 15.0.28010.2050
MinimumVisualStudioVersion = 10.0.40219.1
Project("{FAE04EC0-301F-11D3-BF4B-00C04F79EFBC}") = "Final_VS_Project", "Final_VS_Project\Final_VS_Project.csproj", "{DC38B4E1-3221-4F1E-9454-E45F1FB0921A}"
EndProject
Global
	GlobalSection(SolutionConfigurationPlatforms) = preSolution
		Debug|Any CPU = Debug|Any CPU
		Release|Any CPU = Release|Any CPU
	EndGlobalSection
	GlobalSection(ProjectConfigurationPlatforms) = postSolution
		{DC38B4E1-3221-4F1E-9454-E45F1FB0921A}.Debug|Any CPU.ActiveCfg = Debug|Any CPU
		{DC38B4E1-3221-4F1E-9454-E45F1FB0921A}.Debug|Any CPU.Build.0 = Debug|Any CPU
		{DC38B4E1-3221-4F1E-9454-E45F1FB0921A}.Release|Any CPU.ActiveCfg = Release|Any CPU
		{DC38B4E1-3221-4F1E-9454-E45F1FB0921A}.Release|Any CPU.Build.0 = Release|Any CPU
	EndGlobalSection
	GlobalSection(SolutionProperties) = preSolution
		HideSolutionNode = FALSE
	EndGlobalSection
	GlobalSection(ExtensibilityGlobals) = postSolution
		SolutionGuid = {3B4533DC-CA65-469B-A3AC-F230C4F16F0D}
	EndGlobalSection
EndGlobal
